{
  "name": "json-api-nestjs",
  "version": "0.0.0-development",
  "lockfileVersion": 1,
  "requires": true,
  "dependencies": {
    "ajv": {
      "version": "8.8.2",
      "resolved": "https://ringcentral-171448869871.d.codeartifact.us-east-1.amazonaws.com:443/npm/microfrontend/ajv/-/ajv-8.8.2.tgz",
      "integrity": "sha512-x9VuX+R/jcFj1DHo/fCp99esgGDWiHENrKxaCENuCxpoMCmAt/COCGVDwA7kleEpEzJjDnvh3yGoOuLu0Dtllw==",
      "requires": {
        "fast-deep-equal": "^3.1.1",
        "json-schema-traverse": "^1.0.0",
        "require-from-string": "^2.0.2",
        "uri-js": "^4.2.2"
      }
    },
    "dot-case": {
      "version": "3.0.4",
      "resolved": "https://ringcentral-171448869871.d.codeartifact.us-east-1.amazonaws.com:443/npm/microfrontend/dot-case/-/dot-case-3.0.4.tgz",
      "integrity": "sha512-Kv5nKlh6yRrdrGvxeJ2e5y2eRUpkUosIW4A2AS38zwSz27zu7ufDwQPi5Jhs3XAlGNetl3bmnGhQsMtkKJnj3w==",
      "requires": {
        "no-case": "^3.0.4",
        "tslib": "^2.0.3"
      }
    },
    "fast-deep-equal": {
      "version": "3.1.3",
      "resolved": "https://ringcentral-171448869871.d.codeartifact.us-east-1.amazonaws.com:443/npm/microfrontend/fast-deep-equal/-/fast-deep-equal-3.1.3.tgz",
      "integrity": "sha512-f3qQ9oQy9j2AhBe/H9VC91wLmKBCCU/gDOnKNAYG5hswO7BLKj09Hc5HYNz9cGI++xlpDCIgDaitVs03ATR84Q=="
    },
    "json-schema-traverse": {
      "version": "1.0.0",
      "resolved": "https://ringcentral-171448869871.d.codeartifact.us-east-1.amazonaws.com:443/npm/microfrontend/json-schema-traverse/-/json-schema-traverse-1.0.0.tgz",
      "integrity": "sha512-NM8/P9n3XjXhIZn1lLhkFaACTOURQXjWhV4BA/RnOv8xvgqtqpAX9IO4mRQxSx1Rlo4tqzeqb0sOlruaOy3dug=="
    },
    "lower-case": {
      "version": "2.0.2",
      "resolved": "https://ringcentral-171448869871.d.codeartifact.us-east-1.amazonaws.com:443/npm/microfrontend/lower-case/-/lower-case-2.0.2.tgz",
      "integrity": "sha512-7fm3l3NAF9WfN6W3JOmf5drwpVqX78JtoGJ3A6W0a6ZnldM41w2fV5D490psKFTpMds8TJse/eHLFFsNHHjHgg==",
      "requires": {
        "tslib": "^2.0.3"
      }
    },
    "no-case": {
      "version": "3.0.4",
      "resolved": "https://ringcentral-171448869871.d.codeartifact.us-east-1.amazonaws.com:443/npm/microfrontend/no-case/-/no-case-3.0.4.tgz",
      "integrity": "sha512-fgAN3jGAh+RoxUGZHTSOLJIqUc2wmoBwGR4tbpNAKmmovFoWq0OdRkb0VkldReO2a2iBT/OEulG9XSUc10r3zg==",
      "requires": {
        "lower-case": "^2.0.2",
        "tslib": "^2.0.3"
      }
    },
    "param-case": {
      "version": "3.0.4",
      "resolved": "https://ringcentral-171448869871.d.codeartifact.us-east-1.amazonaws.com:443/npm/microfrontend/param-case/-/param-case-3.0.4.tgz",
      "integrity": "sha512-RXlj7zCYokReqWpOPH9oYivUzLYZ5vAPIfEmCTNViosC78F8F0H9y7T7gG2M39ymgutxF5gcFEsyZQSph9Bp3A==",
      "requires": {
        "dot-case": "^3.0.4",
        "tslib": "^2.0.3"
      }
    },
    "punycode": {
      "version": "2.1.1",
      "resolved": "https://ringcentral-171448869871.d.codeartifact.us-east-1.amazonaws.com:443/npm/microfrontend/punycode/-/punycode-2.1.1.tgz",
      "integrity": "sha512-XRsRjdf+j5ml+y/6GKHPZbrF/8p2Yga0JPtdqTIY2Xe5ohJPD9saDJJLPvp9+NSBprVvevdXZybnj2cv8OEd0A=="
    },
    "require-from-string": {
      "version": "2.0.2",
      "resolved": "https://ringcentral-171448869871.d.codeartifact.us-east-1.amazonaws.com:443/npm/microfrontend/require-from-string/-/require-from-string-2.0.2.tgz",
      "integrity": "sha512-Xf0nWe6RseziFMu+Ap9biiUbmplq6S9/p+7w7YXP/JBHhrUDDUhwa+vANyubuqfZWTveU//DYVGsDG7RKL/vEw=="
    },
    "swagger-ui-dist": {
      "version": "4.1.3",
      "resolved": "https://ringcentral-171448869871.d.codeartifact.us-east-1.amazonaws.com:443/npm/microfrontend/swagger-ui-dist/-/swagger-ui-dist-4.1.3.tgz",
      "integrity": "sha512-WvfPSfAAMlE/sKS6YkW47nX/hA7StmhYnAHc6wWCXNL0oclwLj6UXv0hQCkLnDgvebi0MEV40SJJpVjKUgH1IQ=="
    },
    "swagger-ui-express": {
      "version": "4.3.0",
      "resolved": "https://ringcentral-171448869871.d.codeartifact.us-east-1.amazonaws.com:443/npm/microfrontend/swagger-ui-express/-/swagger-ui-express-4.3.0.tgz",
      "integrity": "sha512-jN46SEEe9EoXa3ZgZoKgnSF6z0w3tnM1yqhO4Y+Q4iZVc8JOQB960EZpIAz6rNROrDApVDwcMHR0mhlnc/5Omw==",
      "requires": {
        "swagger-ui-dist": ">=4.1.3"
      }
    },
    "tslib": {
      "version": "2.3.1",
      "resolved": "https://ringcentral-171448869871.d.codeartifact.us-east-1.amazonaws.com:443/npm/microfrontend/tslib/-/tslib-2.3.1.tgz",
      "integrity": "sha512-77EbyPPpMz+FRFRuAFlWMtmgUWGe9UOG2Z25NqCwiIjRhOf5iKGuzSe5P2w1laq+FkRy4p+PCuVkJSGkzTEKVw=="
    },
    "uri-js": {
      "version": "4.4.1",
      "resolved": "https://ringcentral-171448869871.d.codeartifact.us-east-1.amazonaws.com:443/npm/microfrontend/uri-js/-/uri-js-4.4.1.tgz",
      "integrity": "sha512-7rKUyy33Q1yc98pQ1DAmLtwX109F7TIfWlW1Ydo8Wl1ii1SeHieeh0HHfPeL2fMXK6z0s8ecKs9frCuLJvndBg==",
      "requires": {
        "punycode": "^2.1.0"
      }
    }
  }
}
